{
  "version": 4,
  "terraform_version": "0.13.4",
  "serial": 1,
  "lineage": "1c1e5f31-cc15-63c6-be06-cc0f4e11b3fd",
  "outputs": {},
  "resources": [
    {
      "mode": "managed",
      "type": "google_storage_bucket",
      "name": "bucket",
      "provider": "provider[\"registry.terraform.io/hashicorp/google\"]",
      "instances": [
        {
          "index_key": 0,
          "schema_version": 0,
          "attributes": {
            "bucket_policy_only": false,
            "cors": [],
            "default_event_based_hold": false,
            "encryption": [],
            "force_destroy": false,
            "id": "terraform-test-bucket-gcp",
            "labels": {
              "location": "us-west1",
              "name": "terraform-test-bucket-gcp"
            },
            "lifecycle_rule": [],
            "location": "US-WEST1",
            "logging": [],
            "name": "terraform-test-bucket-gcp",
            "project": "terraform-project-demo",
            "requester_pays": false,
            "retention_policy": [],
            "self_link": "https://www.googleapis.com/storage/v1/b/terraform-test-bucket-gcp",
            "storage_class": "REGIONAL",
            "uniform_bucket_level_access": false,
            "url": "gs://terraform-test-bucket-gcp",
            "versioning": [
              {
                "enabled": true
              }
            ],
            "website": []
          },
          "private": "bnVsbA=="
        }
      ]
    }
  ]
}
